// !$*UTF8*$!
{
	archiveVersion = 1;
	classes = {
	};
	objectVersion = 55;
	objects = {

/* Begin PBXBuildFile section */
		A82F41DF275FC4CB0005038A /* Homework1_1App.swift in Sources */ = {isa = PBXBuildFile; fileRef = A82F41DE275FC4CB0005038A /* Homework1_1App.swift */; };
		A82F41E1275FC4CB0005038A /* ContentView.swift in Sources */ = {isa = PBXBuildFile; fileRef = A82F41E0275FC4CB0005038A /* ContentView.swift */; };
		A82F41E3275FC4CE0005038A /* Assets.xcassets in Resources */ = {isa = PBXBuildFile; fileRef = A82F41E2275FC4CE0005038A /* Assets.xcassets */; };
		A82F41E6275FC4CE0005038A /* Preview Assets.xcassets in Resources */ = {isa = PBXBuildFile; fileRef = A82F41E5275FC4CE0005038A /* Preview Assets.xcassets */; };
		A82F41ED275FC5540005038A /* LazyView.swift in Sources */ = {isa = PBXBuildFile; fileRef = A82F41EC275FC5540005038A /* LazyView.swift */; };
		A82F41F0275FCA070005038A /* FirstScreen.swift in Sources */ = {isa = PBXBuildFile; fileRef = A82F41EF275FCA070005038A /* FirstScreen.swift */; };
		A82F41F2275FCA100005038A /* SecondScreen.swift in Sources */ = {isa = PBXBuildFile; fileRef = A82F41F1275FCA100005038A /* SecondScreen.swift */; };
		A82F41F4275FCA190005038A /* ThirdScreen.swift in Sources */ = {isa = PBXBuildFile; fileRef = A82F41F3275FCA190005038A /* ThirdScreen.swift */; };
		A82F41F6275FEC1F0005038A /* ThirdScreenViewModel.swift in Sources */ = {isa = PBXBuildFile; fileRef = A82F41F5275FEC1F0005038A /* ThirdScreenViewModel.swift */; };
		A82F41F8275FF0060005038A /* ModalScreen.swift in Sources */ = {isa = PBXBuildFile; fileRef = A82F41F7275FF0050005038A /* ModalScreen.swift */; };
		A82F41FF275FFB850005038A /* FifthScreen.swift in Sources */ = {isa = PBXBuildFile; fileRef = A82F41FE275FFB850005038A /* FifthScreen.swift */; };
		A82F4201275FFEAA0005038A /* SixthScreen.swift in Sources */ = {isa = PBXBuildFile; fileRef = A82F4200275FFEAA0005038A /* SixthScreen.swift */; };
		A82F4203276000000005038A /* SecondScreenViewModel.swift in Sources */ = {isa = PBXBuildFile; fileRef = A82F4202276000000005038A /* SecondScreenViewModel.swift */; };
		A82F4207276000C70005038A /* ModalScreenOpenerView.swift in Sources */ = {isa = PBXBuildFile; fileRef = A82F4206276000C70005038A /* ModalScreenOpenerView.swift */; };
		A82F420A2760017A0005038A /* FirstScreenViewModel.swift in Sources */ = {isa = PBXBuildFile; fileRef = A82F42092760017A0005038A /* FirstScreenViewModel.swift */; };
		A8AED70827629FDA00D9C767 /* ActivityView.swift in Sources */ = {isa = PBXBuildFile; fileRef = A8AED70727629FDA00D9C767 /* ActivityView.swift */; };
/* End PBXBuildFile section */

/* Begin PBXFileReference section */
		A82F41DB275FC4CB0005038A /* Homework1.1.app */ = {isa = PBXFileReference; explicitFileType = wrapper.application; includeInIndex = 0; path = Homework1.1.app; sourceTree = BUILT_PRODUCTS_DIR; };
		A82F41DE275FC4CB0005038A /* Homework1_1App.swift */ = {isa = PBXFileReference; lastKnownFileType = sourcecode.swift; path = Homework1_1App.swift; sourceTree = "<group>"; };
		A82F41E0275FC4CB0005038A /* ContentView.swift */ = {isa = PBXFileReference; lastKnownFileType = sourcecode.swift; path = ContentView.swift; sourceTree = "<group>"; };
		A82F41E2275FC4CE0005038A /* Assets.xcassets */ = {isa = PBXFileReference; lastKnownFileType = folder.assetcatalog; path = Assets.xcassets; sourceTree = "<group>"; };
		A82F41E5275FC4CE0005038A /* Preview Assets.xcassets */ = {isa = PBXFileReference; lastKnownFileType = folder.assetcatalog; path = "Preview Assets.xcassets"; sourceTree = "<group>"; };
		A82F41EC275FC5540005038A /* LazyView.swift */ = {isa = PBXFileReference; lastKnownFileType = sourcecode.swift; path = LazyView.swift; sourceTree = "<group>"; };
		A82F41EF275FCA070005038A /* FirstScreen.swift */ = {isa = PBXFileReference; lastKnownFileType = sourcecode.swift; path = FirstScreen.swift; sourceTree = "<group>"; };
		A82F41F1275FCA100005038A /* SecondScreen.swift */ = {isa = PBXFileReference; lastKnownFileType = sourcecode.swift; path = SecondScreen.swift; sourceTree = "<group>"; };
		A82F41F3275FCA190005038A /* ThirdScreen.swift */ = {isa = PBXFileReference; lastKnownFileType = sourcecode.swift; path = ThirdScreen.swift; sourceTree = "<group>"; };
		A82F41F5275FEC1F0005038A /* ThirdScreenViewModel.swift */ = {isa = PBXFileReference; lastKnownFileType = sourcecode.swift; path = ThirdScreenViewModel.swift; sourceTree = "<group>"; };
		A82F41F7275FF0050005038A /* ModalScreen.swift */ = {isa = PBXFileReference; lastKnownFileType = sourcecode.swift; path = ModalScreen.swift; sourceTree = "<group>"; };
		A82F41FE275FFB850005038A /* FifthScreen.swift */ = {isa = PBXFileReference; lastKnownFileType = sourcecode.swift; path = FifthScreen.swift; sourceTree = "<group>"; };
		A82F4200275FFEAA0005038A /* SixthScreen.swift */ = {isa = PBXFileReference; lastKnownFileType = sourcecode.swift; path = SixthScreen.swift; sourceTree = "<group>"; };
		A82F4202276000000005038A /* SecondScreenViewModel.swift */ = {isa = PBXFileReference; lastKnownFileType = sourcecode.swift; path = SecondScreenViewModel.swift; sourceTree = "<group>"; };
		A82F4206276000C70005038A /* ModalScreenOpenerView.swift */ = {isa = PBXFileReference; lastKnownFileType = sourcecode.swift; path = ModalScreenOpenerView.swift; sourceTree = "<group>"; };
		A82F42092760017A0005038A /* FirstScreenViewModel.swift */ = {isa = PBXFileReference; lastKnownFileType = sourcecode.swift; path = FirstScreenViewModel.swift; sourceTree = "<group>"; };
		A8AED70727629FDA00D9C767 /* ActivityView.swift */ = {isa = PBXFileReference; lastKnownFileType = sourcecode.swift; path = ActivityView.swift; sourceTree = "<group>"; };
/* End PBXFileReference section */

/* Begin PBXFrameworksBuildPhase section */
		A82F41D8275FC4CB0005038A /* Frameworks */ = {
			isa = PBXFrameworksBuildPhase;
			buildActionMask = 2147483647;
			files = (
			);
			runOnlyForDeploymentPostprocessing = 0;
		};
/* End PBXFrameworksBuildPhase section */

/* Begin PBXGroup section */
		A82F41D2275FC4CB0005038A = {
			isa = PBXGroup;
			children = (
				A82F41DD275FC4CB0005038A /* Homework1.1 */,
				A82F41DC275FC4CB0005038A /* Products */,
			);
			sourceTree = "<group>";
		};
		A82F41DC275FC4CB0005038A /* Products */ = {
			isa = PBXGroup;
			children = (
				A82F41DB275FC4CB0005038A /* Homework1.1.app */,
			);
			name = Products;
			sourceTree = "<group>";
		};
		A82F41DD275FC4CB0005038A /* Homework1.1 */ = {
			isa = PBXGroup;
			children = (
				A82F41EE275FC56C0005038A /* ViewModifiers */,
				A82F41DE275FC4CB0005038A /* Homework1_1App.swift */,
				A82F41E0275FC4CB0005038A /* ContentView.swift */,
				A82F41F9275FF3460005038A /* FirstScreen */,
				A82F41FD275FF5570005038A /* SecondScreen */,
				A82F41FA275FF3640005038A /* ThirdScreen */,
				A8D833712763CDE00092904E /* ModalScreen */,
				A8D833722763CF1A0092904E /* FifthScreen */,
				A8D833732763CF210092904E /* SixthScreen */,
				A82F41E2275FC4CE0005038A /* Assets.xcassets */,
				A82F41E4275FC4CE0005038A /* Preview Content */,
			);
			path = Homework1.1;
			sourceTree = "<group>";
		};
		A82F41E4275FC4CE0005038A /* Preview Content */ = {
			isa = PBXGroup;
			children = (
				A82F41E5275FC4CE0005038A /* Preview Assets.xcassets */,
			);
			path = "Preview Content";
			sourceTree = "<group>";
		};
		A82F41EE275FC56C0005038A /* ViewModifiers */ = {
			isa = PBXGroup;
			children = (
				A82F41EC275FC5540005038A /* LazyView.swift */,
			);
			path = ViewModifiers;
			sourceTree = "<group>";
		};
		A82F41F9275FF3460005038A /* FirstScreen */ = {
			isa = PBXGroup;
			children = (
				A82F4208276001660005038A /* View */,
				A82F420B2760017F0005038A /* VIewModel */,
			);
			path = FirstScreen;
			sourceTree = "<group>";
		};
		A82F41FA275FF3640005038A /* ThirdScreen */ = {
			isa = PBXGroup;
			children = (
				A82F41FB275FF3700005038A /* Views */,
				A82F41FC275FF3750005038A /* ViewModel */,
			);
			path = ThirdScreen;
			sourceTree = "<group>";
		};
		A82F41FB275FF3700005038A /* Views */ = {
			isa = PBXGroup;
			children = (
				A82F41F3275FCA190005038A /* ThirdScreen.swift */,
				A82F4206276000C70005038A /* ModalScreenOpenerView.swift */,
				A8AED70727629FDA00D9C767 /* ActivityView.swift */,
			);
			path = Views;
			sourceTree = "<group>";
		};
		A82F41FC275FF3750005038A /* ViewModel */ = {
			isa = PBXGroup;
			children = (
				A82F41F5275FEC1F0005038A /* ThirdScreenViewModel.swift */,
			);
			path = ViewModel;
			sourceTree = "<group>";
		};
		A82F41FD275FF5570005038A /* SecondScreen */ = {
			isa = PBXGroup;
			children = (
				A82F4205276000250005038A /* View */,
				A82F42042760001D0005038A /* ViewModel */,
			);
			path = SecondScreen;
			sourceTree = "<group>";
		};
		A82F42042760001D0005038A /* ViewModel */ = {
			isa = PBXGroup;
			children = (
				A82F4202276000000005038A /* SecondScreenViewModel.swift */,
			);
			path = ViewModel;
			sourceTree = "<group>";
		};
		A82F4205276000250005038A /* View */ = {
			isa = PBXGroup;
			children = (
				A82F41F1275FCA100005038A /* SecondScreen.swift */,
			);
			path = View;
			sourceTree = "<group>";
		};
		A82F4208276001660005038A /* View */ = {
			isa = PBXGroup;
			children = (
				A82F41EF275FCA070005038A /* FirstScreen.swift */,
			);
			path = View;
			sourceTree = "<group>";
		};
		A82F420B2760017F0005038A /* VIewModel */ = {
			isa = PBXGroup;
			children = (
				A82F42092760017A0005038A /* FirstScreenViewModel.swift */,
			);
			path = VIewModel;
			sourceTree = "<group>";
		};
		A8D833712763CDE00092904E /* ModalScreen */ = {
			isa = PBXGroup;
			children = (
				A82F41F7275FF0050005038A /* ModalScreen.swift */,
			);
			path = ModalScreen;
			sourceTree = "<group>";
		};
		A8D833722763CF1A0092904E /* FifthScreen */ = {
			isa = PBXGroup;
			children = (
				A82F41FE275FFB850005038A /* FifthScreen.swift */,
			);
			path = FifthScreen;
			sourceTree = "<group>";
		};
		A8D833732763CF210092904E /* SixthScreen */ = {
			isa = PBXGroup;
			children = (
				A82F4200275FFEAA0005038A /* SixthScreen.swift */,
			);
			path = SixthScreen;
			sourceTree = "<group>";
		};
/* End PBXGroup section */

/* Begin PBXNativeTarget section */
		A82F41DA275FC4CB0005038A /* Homework1.1 */ = {
			isa = PBXNativeTarget;
			buildConfigurationList = A82F41E9275FC4CE0005038A /* Build configuration list for PBXNativeTarget "Homework1.1" */;
			buildPhases = (
				A82F41D7275FC4CB0005038A /* Sources */,
				A82F41D8275FC4CB0005038A /* Frameworks */,
				A82F41D9275FC4CB0005038A /* Resources */,
			);
			buildRules = (
			);
			dependencies = (
			);
			name = Homework1.1;
			productName = Homework1.1;
			productReference = A82F41DB275FC4CB0005038A /* Homework1.1.app */;
			productType = "com.apple.product-type.application";
		};
/* End PBXNativeTarget section */

/* Begin PBXProject section */
		A82F41D3275FC4CB0005038A /* Project object */ = {
			isa = PBXProject;
			attributes = {
				BuildIndependentTargetsInParallel = 1;
				LastSwiftUpdateCheck = 1310;
				LastUpgradeCheck = 1310;
				TargetAttributes = {
					A82F41DA275FC4CB0005038A = {
						CreatedOnToolsVersion = 13.1;
					};
				};
			};
			buildConfigurationList = A82F41D6275FC4CB0005038A /* Build configuration list for PBXProject "Homework1.1" */;
			compatibilityVersion = "Xcode 13.0";
			developmentRegion = en;
			hasScannedForEncodings = 0;
			knownRegions = (
				en,
				Base,
			);
			mainGroup = A82F41D2275FC4CB0005038A;
			productRefGroup = A82F41DC275FC4CB0005038A /* Products */;
			projectDirPath = "";
			projectRoot = "";
			targets = (
				A82F41DA275FC4CB0005038A /* Homework1.1 */,
			);
		};
/* End PBXProject section */

/* Begin PBXResourcesBuildPhase section */
		A82F41D9275FC4CB0005038A /* Resources */ = {
			isa = PBXResourcesBuildPhase;
			buildActionMask = 2147483647;
			files = (
				A82F41E6275FC4CE0005038A /* Preview Assets.xcassets in Resources */,
				A82F41E3275FC4CE0005038A /* Assets.xcassets in Resources */,
			);
			runOnlyForDeploymentPostprocessing = 0;
		};
/* End PBXResourcesBuildPhase section */

/* Begin PBXSourcesBuildPhase section */
		A82F41D7275FC4CB0005038A /* Sources */ = {
			isa = PBXSourcesBuildPhase;
			buildActionMask = 2147483647;
			files = (
				A82F41F0275FCA070005038A /* FirstScreen.swift in Sources */,
				A82F41F8275FF0060005038A /* ModalScreen.swift in Sources */,
				A82F41F4275FCA190005038A /* ThirdScreen.swift in Sources */,
				A82F4207276000C70005038A /* ModalScreenOpenerView.swift in Sources */,
				A82F4203276000000005038A /* SecondScreenViewModel.swift in Sources */,
				A82F41F6275FEC1F0005038A /* ThirdScreenViewModel.swift in Sources */,
				A82F41ED275FC5540005038A /* LazyView.swift in Sources */,
				A82F41E1275FC4CB0005038A /* ContentView.swift in Sources */,
				A82F4201275FFEAA0005038A /* SixthScreen.swift in Sources */,
				A82F41DF275FC4CB0005038A /* Homework1_1App.swift in Sources */,
				A82F41FF275FFB850005038A /* FifthScreen.swift in Sources */,
				A8AED70827629FDA00D9C767 /* ActivityView.swift in Sources */,
				A82F41F2275FCA100005038A /* SecondScreen.swift in Sources */,
				A82F420A2760017A0005038A /* FirstScreenViewModel.swift in Sources */,
			);
			runOnlyForDeploymentPostprocessing = 0;
		};
/* End PBXSourcesBuildPhase section */

/* Begin XCBuildConfiguration section */
		A82F41E7275FC4CE0005038A /* Debug */ = {
			isa = XCBuildConfiguration;
			buildSettings = {
				ALWAYS_SEARCH_USER_PATHS = NO;
				CLANG_ANALYZER_NONNULL = YES;
				CLANG_ANALYZER_NUMBER_OBJECT_CONVERSION = YES_AGGRESSIVE;
				CLANG_CXX_LANGUAGE_STANDARD = "gnu++17";
				CLANG_CXX_LIBRARY = "libc++";
				CLANG_ENABLE_MODULES = YES;
				CLANG_ENABLE_OBJC_ARC = YES;
				CLANG_ENABLE_OBJC_WEAK = YES;
				CLANG_WARN_BLOCK_CAPTURE_AUTORELEASING = YES;
				CLANG_WARN_BOOL_CONVERSION = YES;
				CLANG_WARN_COMMA = YES;
				CLANG_WARN_CONSTANT_CONVERSION = YES;
				CLANG_WARN_DEPRECATED_OBJC_IMPLEMENTATIONS = YES;
				CLANG_WARN_DIRECT_OBJC_ISA_USAGE = YES_ERROR;
				CLANG_WARN_DOCUMENTATION_COMMENTS = YES;
				CLANG_WARN_EMPTY_BODY = YES;
				CLANG_WARN_ENUM_CONVERSION = YES;
				CLANG_WARN_INFINITE_RECURSION = YES;
				CLANG_WARN_INT_CONVERSION = YES;
				CLANG_WARN_NON_LITERAL_NULL_CONVERSION = YES;
				CLANG_WARN_OBJC_IMPLICIT_RETAIN_SELF = YES;
				CLANG_WARN_OBJC_LITERAL_CONVERSION = YES;
				CLANG_WARN_OBJC_ROOT_CLASS = YES_ERROR;
				CLANG_WARN_QUOTED_INCLUDE_IN_FRAMEWORK_HEADER = YES;
				CLANG_WARN_RANGE_LOOP_ANALYSIS = YES;
				CLANG_WARN_STRICT_PROTOTYPES = YES;
				CLANG_WARN_SUSPICIOUS_MOVE = YES;
				CLANG_WARN_UNGUARDED_AVAILABILITY = YES_AGGRESSIVE;
				CLANG_WARN_UNREACHABLE_CODE = YES;
				CLANG_WARN__DUPLICATE_METHOD_MATCH = YES;
				COPY_PHASE_STRIP = NO;
				DEBUG_INFORMATION_FORMAT = dwarf;
				ENABLE_STRICT_OBJC_MSGSEND = YES;
				ENABLE_TESTABILITY = YES;
				GCC_C_LANGUAGE_STANDARD = gnu11;
				GCC_DYNAMIC_NO_PIC = NO;
				GCC_NO_COMMON_BLOCKS = YES;
				GCC_OPTIMIZATION_LEVEL = 0;
				GCC_PREPROCESSOR_DEFINITIONS = (
					"DEBUG=1",
					"$(inherited)",
				);
				GCC_WARN_64_TO_32_BIT_CONVERSION = YES;
				GCC_WARN_ABOUT_RETURN_TYPE = YES_ERROR;
				GCC_WARN_UNDECLARED_SELECTOR = YES;
				GCC_WARN_UNINITIALIZED_AUTOS = YES_AGGRESSIVE;
				GCC_WARN_UNUSED_FUNCTION = YES;
				GCC_WARN_UNUSED_VARIABLE = YES;
				IPHONEOS_DEPLOYMENT_TARGET = 15.0;
				MTL_ENABLE_DEBUG_INFO = INCLUDE_SOURCE;
				MTL_FAST_MATH = YES;
				ONLY_ACTIVE_ARCH = YES;
				SDKROOT = iphoneos;
				SWIFT_ACTIVE_COMPILATION_CONDITIONS = DEBUG;
				SWIFT_OPTIMIZATION_LEVEL = "-Onone";
			};
			name = Debug;
		};
		A82F41E8275FC4CE0005038A /* Release */ = {
			isa = XCBuildConfiguration;
			buildSettings = {
				ALWAYS_SEARCH_USER_PATHS = NO;
				CLANG_ANALYZER_NONNULL = YES;
				CLANG_ANALYZER_NUMBER_OBJECT_CONVERSION = YES_AGGRESSIVE;
				CLANG_CXX_LANGUAGE_STANDARD = "gnu++17";
				CLANG_CXX_LIBRARY = "libc++";
				CLANG_ENABLE_MODULES = YES;
				CLANG_ENABLE_OBJC_ARC = YES;
				CLANG_ENABLE_OBJC_WEAK = YES;
				CLANG_WARN_BLOCK_CAPTURE_AUTORELEASING = YES;
				CLANG_WARN_BOOL_CONVERSION = YES;
				CLANG_WARN_COMMA = YES;
				CLANG_WARN_CONSTANT_CONVERSION = YES;
				CLANG_WARN_DEPRECATED_OBJC_IMPLEMENTATIONS = YES;
				CLANG_WARN_DIRECT_OBJC_ISA_USAGE = YES_ERROR;
				CLANG_WARN_DOCUMENTATION_COMMENTS = YES;
				CLANG_WARN_EMPTY_BODY = YES;
				CLANG_WARN_ENUM_CONVERSION = YES;
				CLANG_WARN_INFINITE_RECURSION = YES;
				CLANG_WARN_INT_CONVERSION = YES;
				CLANG_WARN_NON_LITERAL_NULL_CONVERSION = YES;
				CLANG_WARN_OBJC_IMPLICIT_RETAIN_SELF = YES;
				CLANG_WARN_OBJC_LITERAL_CONVERSION = YES;
				CLANG_WARN_OBJC_ROOT_CLASS = YES_ERROR;
				CLANG_WARN_QUOTED_INCLUDE_IN_FRAMEWORK_HEADER = YES;
				CLANG_WARN_RANGE_LOOP_ANALYSIS = YES;
				CLANG_WARN_STRICT_PROTOTYPES = YES;
				CLANG_WARN_SUSPICIOUS_MOVE = YES;
				CLANG_WARN_UNGUARDED_AVAILABILITY = YES_AGGRESSIVE;
				CLANG_WARN_UNREACHABLE_CODE = YES;
				CLANG_WARN__DUPLICATE_METHOD_MATCH = YES;
				COPY_PHASE_STRIP = NO;
				DEBUG_INFORMATION_FORMAT = "dwarf-with-dsym";
				ENABLE_NS_ASSERTIONS = NO;
				ENABLE_STRICT_OBJC_MSGSEND = YES;
				GCC_C_LANGUAGE_STANDARD = gnu11;
				GCC_NO_COMMON_BLOCKS = YES;
				GCC_WARN_64_TO_32_BIT_CONVERSION = YES;
				GCC_WARN_ABOUT_RETURN_TYPE = YES_ERROR;
				GCC_WARN_UNDECLARED_SELECTOR = YES;
				GCC_WARN_UNINITIALIZED_AUTOS = YES_AGGRESSIVE;
				GCC_WARN_UNUSED_FUNCTION = YES;
				GCC_WARN_UNUSED_VARIABLE = YES;
				IPHONEOS_DEPLOYMENT_TARGET = 15.0;
				MTL_ENABLE_DEBUG_INFO = NO;
				MTL_FAST_MATH = YES;
				SDKROOT = iphoneos;
				SWIFT_COMPILATION_MODE = wholemodule;
				SWIFT_OPTIMIZATION_LEVEL = "-O";
				VALIDATE_PRODUCT = YES;
			};
			name = Release;
		};
		A82F41EA275FC4CE0005038A /* Debug */ = {
			isa = XCBuildConfiguration;
			buildSettings = {
				ASSETCATALOG_COMPILER_APPICON_NAME = AppIcon;
				ASSETCATALOG_COMPILER_GLOBAL_ACCENT_COLOR_NAME = AccentColor;
				CODE_SIGN_STYLE = Automatic;
				CURRENT_PROJECT_VERSION = 1;
				DEVELOPMENT_ASSET_PATHS = "\"Homework1.1/Preview Content\"";
				DEVELOPMENT_TEAM = 2MCSFAQNB4;
				ENABLE_PREVIEWS = YES;
				GENERATE_INFOPLIST_FILE = YES;
				INFOPLIST_KEY_UIApplicationSceneManifest_Generation = YES;
				INFOPLIST_KEY_UIApplicationSupportsIndirectInputEvents = YES;
				INFOPLIST_KEY_UILaunchScreen_Generation = YES;
				INFOPLIST_KEY_UISupportedInterfaceOrientations_iPad = "UIInterfaceOrientationPortrait UIInterfaceOrientationPortraitUpsideDown UIInterfaceOrientationLandscapeLeft UIInterfaceOrientationLandscapeRight";
				INFOPLIST_KEY_UISupportedInterfaceOrientations_iPhone = "UIInterfaceOrientationPortrait UIInterfaceOrientationLandscapeLeft UIInterfaceOrientationLandscapeRight";
				LD_RUNPATH_SEARCH_PATHS = (
					"$(inherited)",
					"@executable_path/Frameworks",
				);
				MARKETING_VERSION = 1.0;
				PRODUCT_BUNDLE_IDENTIFIER = "com.aporozov.Homework1-1";
				PRODUCT_NAME = "$(TARGET_NAME)";
				SWIFT_EMIT_LOC_STRINGS = YES;
				SWIFT_VERSION = 5.0;
				TARGETED_DEVICE_FAMILY = "1,2";
			};
			name = Debug;
		};
		A82F41EB275FC4CE0005038A /* Release */ = {
			isa = XCBuildConfiguration;
			buildSettings = {
				ASSETCATALOG_COMPILER_APPICON_NAME = AppIcon;
				ASSETCATALOG_COMPILER_GLOBAL_ACCENT_COLOR_NAME = AccentColor;
				CODE_SIGN_STYLE = Automatic;
				CURRENT_PROJECT_VERSION = 1;
				DEVELOPMENT_ASSET_PATHS = "\"Homework1.1/Preview Content\"";
				DEVELOPMENT_TEAM = 2MCSFAQNB4;
				ENABLE_PREVIEWS = YES;
				GENERATE_INFOPLIST_FILE = YES;
				INFOPLIST_KEY_UIApplicationSceneManifest_Generation = YES;
				INFOPLIST_KEY_UIApplicationSupportsIndirectInputEvents = YES;
				INFOPLIST_KEY_UILaunchScreen_Generation = YES;
				INFOPLIST_KEY_UISupportedInterfaceOrientations_iPad = "UIInterfaceOrientationPortrait UIInterfaceOrientationPortraitUpsideDown UIInterfaceOrientationLandscapeLeft UIInterfaceOrientationLandscapeRight";
				INFOPLIST_KEY_UISupportedInterfaceOrientations_iPhone = "UIInterfaceOrientationPortrait UIInterfaceOrientationLandscapeLeft UIInterfaceOrientationLandscapeRight";
				LD_RUNPATH_SEARCH_PATHS = (
					"$(inherited)",
					"@executable_path/Frameworks",
				);
				MARKETING_VERSION = 1.0;
				PRODUCT_BUNDLE_IDENTIFIER = "com.aporozov.Homework1-1";
				PRODUCT_NAME = "$(TARGET_NAME)";
				SWIFT_EMIT_LOC_STRINGS = YES;
				SWIFT_VERSION = 5.0;
				TARGETED_DEVICE_FAMILY = "1,2";
			};
			name = Release;
		};
/* End XCBuildConfiguration section */

/* Begin XCConfigurationList section */
		A82F41D6275FC4CB0005038A /* Build configuration list for PBXProject "Homework1.1" */ = {
			isa = XCConfigurationList;
			buildConfigurations = (
				A82F41E7275FC4CE0005038A /* Debug */,
				A82F41E8275FC4CE0005038A /* Release */,
			);
			defaultConfigurationIsVisible = 0;
			defaultConfigurationName = Release;
		};
		A82F41E9275FC4CE0005038A /* Build configuration list for PBXNativeTarget "Homework1.1" */ = {
			isa = XCConfigurationList;
			buildConfigurations = (
				A82F41EA275FC4CE0005038A /* Debug */,
				A82F41EB275FC4CE0005038A /* Release */,
			);
			defaultConfigurationIsVisible = 0;
			defaultConfigurationName = Release;
		};
/* End XCConfigurationList section */
	};
	rootObject = A82F41D3275FC4CB0005038A /* Project object */;
}
